
Microsoft Visual Studio Solution File, Format Version 12.00
Project("{FAE04EC0-301F-11D3-BF4B-00C04F79EFBC}") = "Wallet_Tests", "Wallet_Tests\Wallet_Tests.csproj", "{628581B3-CBF4-47B5-A7BE-D81634999389}"
EndProject
Project("{2150E333-8FDC-42A3-9474-1A3956D46DE8}") = "src", "src", "{272CA49E-0294-4E32-A94C-635F32D0B74A}"
EndProject
Project("{FAE04EC0-301F-11D3-BF4B-00C04F79EFBC}") = "Wallet.Domain", "Wallet.Domain\Wallet.Domain.csproj", "{545CC8FD-79D9-4208-BCBB-C380D1FCFC25}"
EndProject
Global
	GlobalSection(SolutionConfigurationPlatforms) = preSolution
		Debug|Any CPU = Debug|Any CPU
		Release|Any CPU = Release|Any CPU
	EndGlobalSection
	GlobalSection(ProjectConfigurationPlatforms) = postSolution
		{628581B3-CBF4-47B5-A7BE-D81634999389}.Debug|Any CPU.ActiveCfg = Debug|Any CPU
		{628581B3-CBF4-47B5-A7BE-D81634999389}.Debug|Any CPU.Build.0 = Debug|Any CPU
		{628581B3-CBF4-47B5-A7BE-D81634999389}.Release|Any CPU.ActiveCfg = Release|Any CPU
		{628581B3-CBF4-47B5-A7BE-D81634999389}.Release|Any CPU.Build.0 = Release|Any CPU
		{545CC8FD-79D9-4208-BCBB-C380D1FCFC25}.Debug|Any CPU.ActiveCfg = Debug|Any CPU
		{545CC8FD-79D9-4208-BCBB-C380D1FCFC25}.Debug|Any CPU.Build.0 = Debug|Any CPU
		{545CC8FD-79D9-4208-BCBB-C380D1FCFC25}.Release|Any CPU.ActiveCfg = Release|Any CPU
		{545CC8FD-79D9-4208-BCBB-C380D1FCFC25}.Release|Any CPU.Build.0 = Release|Any CPU
	EndGlobalSection
	GlobalSection(NestedProjects) = preSolution
		{545CC8FD-79D9-4208-BCBB-C380D1FCFC25} = {272CA49E-0294-4E32-A94C-635F32D0B74A}
	EndGlobalSection
EndGlobal
