
Microsoft Visual Studio Solution File, Format Version 12.00
Project("{FAE04EC0-301F-11D3-BF4B-00C04F79EFBC}") = "Wallet_Tests", "Wallet_Tests\Wallet_Tests.csproj", "{628581B3-CBF4-47B5-A7BE-D81634999389}"
EndProject
Project("{2150E333-8FDC-42A3-9474-1A3956D46DE8}") = "src", "src", "{272CA49E-0294-4E32-A94C-635F32D0B74A}"
EndProject
Project("{2150E333-8FDC-42A3-9474-1A3956D46DE8}") = "Tests", "Tests", "{9B06A700-D91F-43C8-977D-CCA3FBFE244A}"
EndProject
Project("{FAE04EC0-301F-11D3-BF4B-00C04F79EFBC}") = "EWallet.Api", "EWallet.Api\EWallet.Api.csproj", "{0D30908F-DE5A-4896-B97A-0F1A61D958AA}"
EndProject
Global
	GlobalSection(SolutionConfigurationPlatforms) = preSolution
		Debug|Any CPU = Debug|Any CPU
		Release|Any CPU = Release|Any CPU
	EndGlobalSection
	GlobalSection(ProjectConfigurationPlatforms) = postSolution
		{628581B3-CBF4-47B5-A7BE-D81634999389}.Debug|Any CPU.ActiveCfg = Debug|Any CPU
		{628581B3-CBF4-47B5-A7BE-D81634999389}.Debug|Any CPU.Build.0 = Debug|Any CPU
		{628581B3-CBF4-47B5-A7BE-D81634999389}.Release|Any CPU.ActiveCfg = Release|Any CPU
		{628581B3-CBF4-47B5-A7BE-D81634999389}.Release|Any CPU.Build.0 = Release|Any CPU
		{0D30908F-DE5A-4896-B97A-0F1A61D958AA}.Debug|Any CPU.ActiveCfg = Debug|Any CPU
		{0D30908F-DE5A-4896-B97A-0F1A61D958AA}.Debug|Any CPU.Build.0 = Debug|Any CPU
		{0D30908F-DE5A-4896-B97A-0F1A61D958AA}.Release|Any CPU.ActiveCfg = Release|Any CPU
		{0D30908F-DE5A-4896-B97A-0F1A61D958AA}.Release|Any CPU.Build.0 = Release|Any CPU
	EndGlobalSection
	GlobalSection(NestedProjects) = preSolution
		{628581B3-CBF4-47B5-A7BE-D81634999389} = {9B06A700-D91F-43C8-977D-CCA3FBFE244A}
		{0D30908F-DE5A-4896-B97A-0F1A61D958AA} = {272CA49E-0294-4E32-A94C-635F32D0B74A}
	EndGlobalSection
EndGlobal
